# THIS IS AN AUTOGENERATED FILE. DO NOT EDIT THIS FILE DIRECTLY.
# yarn lockfile v1


async-parallel-foreach@^1.0.0:
  version "1.0.0"
  resolved "https://registry.yarnpkg.com/async-parallel-foreach/-/async-parallel-foreach-1.0.0.tgz#24483b584eff7816d7e0e4103a3ad3dcae70e371"
  integrity sha512-Y80tbcjlElSYmFy+khpcgQYT5KdIfj1HyuBjmkORw1r9eh/vcnwDFiyubIYLly3iEiykKHf9bl/xfVk4pkhLrw==
